
Microsoft Visual Studio Solution File, Format Version 12.00
# Visual Studio 15
VisualStudioVersion = 15.0.27703.2042
MinimumVisualStudioVersion = 10.0.40219.1
Project("{FAE04EC0-301F-11D3-BF4B-00C04F79EFBC}") = "AspNetCoreMiddleware", "AspNetCoreMiddleware\AspNetCoreMiddleware.csproj", "{8B1F452D-DD76-421A-95CD-3A2C5D95303E}"
EndProject
Global
	GlobalSection(SolutionConfigurationPlatforms) = preSolution
		Debug|Any CPU = Debug|Any CPU
		Release|Any CPU = Release|Any CPU
	EndGlobalSection
	GlobalSection(ProjectConfigurationPlatforms) = postSolution
		{8B1F452D-DD76-421A-95CD-3A2C5D95303E}.Debug|Any CPU.ActiveCfg = Debug|Any CPU
		{8B1F452D-DD76-421A-95CD-3A2C5D95303E}.Debug|Any CPU.Build.0 = Debug|Any CPU
		{8B1F452D-DD76-421A-95CD-3A2C5D95303E}.Release|Any CPU.ActiveCfg = Release|Any CPU
		{8B1F452D-DD76-421A-95CD-3A2C5D95303E}.Release|Any CPU.Build.0 = Release|Any CPU
	EndGlobalSection
	GlobalSection(SolutionProperties) = preSolution
		HideSolutionNode = FALSE
	EndGlobalSection
	GlobalSection(ExtensibilityGlobals) = postSolution
		SolutionGuid = {32CE9DAC-99F0-4754-8C7B-1E828D3C56AB}
	EndGlobalSection
EndGlobal
